
Microsoft Visual Studio Solution File, Format Version 12.00
# Visual Studio Version 17
VisualStudioVersion = 17.7.34031.279
MinimumVisualStudioVersion = 10.0.40219.1
Project("{9A19103F-16F7-4668-BE54-9A1E7A4F7556}") = "KP_Test2", "KP_Test2\KP_Test2.csproj", "{3F1DA0DC-0E59-4213-B497-AB399B06898C}"
EndProject
Project("{FAE04EC0-301F-11D3-BF4B-00C04F79EFBC}") = "Services", "Service\Services.csproj", "{151DC5A1-ECD0-45BA-A6B4-8FE2C5AA5894}"
EndProject
Global
	GlobalSection(SolutionConfigurationPlatforms) = preSolution
		Debug|Any CPU = Debug|Any CPU
		Release|Any CPU = Release|Any CPU
	EndGlobalSection
	GlobalSection(ProjectConfigurationPlatforms) = postSolution
		{3F1DA0DC-0E59-4213-B497-AB399B06898C}.Debug|Any CPU.ActiveCfg = Debug|Any CPU
		{3F1DA0DC-0E59-4213-B497-AB399B06898C}.Debug|Any CPU.Build.0 = Debug|Any CPU
		{3F1DA0DC-0E59-4213-B497-AB399B06898C}.Release|Any CPU.ActiveCfg = Release|Any CPU
		{3F1DA0DC-0E59-4213-B497-AB399B06898C}.Release|Any CPU.Build.0 = Release|Any CPU
		{151DC5A1-ECD0-45BA-A6B4-8FE2C5AA5894}.Debug|Any CPU.ActiveCfg = Debug|Any CPU
		{151DC5A1-ECD0-45BA-A6B4-8FE2C5AA5894}.Debug|Any CPU.Build.0 = Debug|Any CPU
		{151DC5A1-ECD0-45BA-A6B4-8FE2C5AA5894}.Release|Any CPU.ActiveCfg = Release|Any CPU
		{151DC5A1-ECD0-45BA-A6B4-8FE2C5AA5894}.Release|Any CPU.Build.0 = Release|Any CPU
	EndGlobalSection
	GlobalSection(SolutionProperties) = preSolution
		HideSolutionNode = FALSE
	EndGlobalSection
	GlobalSection(ExtensibilityGlobals) = postSolution
		SolutionGuid = {46BE8B02-7C9B-4C83-83BA-726A3D4E02E0}
	EndGlobalSection
EndGlobal
